// !$*UTF8*$!
{
	archiveVersion = 1;
	classes = {
	};
	objectVersion = 56;
	objects = {

/* Begin PBXBuildFile section */
		F0946C372A14CEB8007E64EC /* AppDelegate.swift in Sources */ = {isa = PBXBuildFile; fileRef = F0946C362A14CEB8007E64EC /* AppDelegate.swift */; };
		F0946C392A14CEB8007E64EC /* SceneDelegate.swift in Sources */ = {isa = PBXBuildFile; fileRef = F0946C382A14CEB8007E64EC /* SceneDelegate.swift */; };
		F0946C3B2A14CEB8007E64EC /* ItemViewController.swift in Sources */ = {isa = PBXBuildFile; fileRef = F0946C3A2A14CEB8007E64EC /* ItemViewController.swift */; };
		F0946C3E2A14CEB8007E64EC /* Main.storyboard in Resources */ = {isa = PBXBuildFile; fileRef = F0946C3C2A14CEB8007E64EC /* Main.storyboard */; };
		F0946C402A14CEBB007E64EC /* Assets.xcassets in Resources */ = {isa = PBXBuildFile; fileRef = F0946C3F2A14CEBB007E64EC /* Assets.xcassets */; };
		F0946C432A14CEBB007E64EC /* LaunchScreen.storyboard in Resources */ = {isa = PBXBuildFile; fileRef = F0946C412A14CEBB007E64EC /* LaunchScreen.storyboard */; };
		F0946C4C2A14CF86007E64EC /* Realm in Frameworks */ = {isa = PBXBuildFile; productRef = F0946C4B2A14CF86007E64EC /* Realm */; };
		F0946C4E2A14CF86007E64EC /* RealmSwift in Frameworks */ = {isa = PBXBuildFile; productRef = F0946C4D2A14CF86007E64EC /* RealmSwift */; };
		F0946C502A14D1A3007E64EC /* ShoppingItem.swift in Sources */ = {isa = PBXBuildFile; fileRef = F0946C4F2A14D1A3007E64EC /* ShoppingItem.swift */; };
		F0946C532A14D404007E64EC /* ItemTableViewCell.swift in Sources */ = {isa = PBXBuildFile; fileRef = F0946C512A14D404007E64EC /* ItemTableViewCell.swift */; };
		F0946C542A14D404007E64EC /* ItemTableViewCell.xib in Resources */ = {isa = PBXBuildFile; fileRef = F0946C522A14D404007E64EC /* ItemTableViewCell.xib */; };
		F0946C562A14E6E2007E64EC /* NewItemViewController.swift in Sources */ = {isa = PBXBuildFile; fileRef = F0946C552A14E6E2007E64EC /* NewItemViewController.swift */; };
		F0C819A12A19855200942B9F /* Category.swift in Sources */ = {isa = PBXBuildFile; fileRef = F0C819A02A19855200942B9F /* Category.swift */; };
/* End PBXBuildFile section */

/* Begin PBXFileReference section */
		F0946C332A14CEB8007E64EC /* RealmKakeibo.app */ = {isa = PBXFileReference; explicitFileType = wrapper.application; includeInIndex = 0; path = RealmKakeibo.app; sourceTree = BUILT_PRODUCTS_DIR; };
		F0946C362A14CEB8007E64EC /* AppDelegate.swift */ = {isa = PBXFileReference; lastKnownFileType = sourcecode.swift; path = AppDelegate.swift; sourceTree = "<group>"; };
		F0946C382A14CEB8007E64EC /* SceneDelegate.swift */ = {isa = PBXFileReference; lastKnownFileType = sourcecode.swift; path = SceneDelegate.swift; sourceTree = "<group>"; };
		F0946C3A2A14CEB8007E64EC /* ItemViewController.swift */ = {isa = PBXFileReference; lastKnownFileType = sourcecode.swift; path = ItemViewController.swift; sourceTree = "<group>"; };
		F0946C3D2A14CEB8007E64EC /* Base */ = {isa = PBXFileReference; lastKnownFileType = file.storyboard; name = Base; path = Base.lproj/Main.storyboard; sourceTree = "<group>"; };
		F0946C3F2A14CEBB007E64EC /* Assets.xcassets */ = {isa = PBXFileReference; lastKnownFileType = folder.assetcatalog; path = Assets.xcassets; sourceTree = "<group>"; };
		F0946C422A14CEBB007E64EC /* Base */ = {isa = PBXFileReference; lastKnownFileType = file.storyboard; name = Base; path = Base.lproj/LaunchScreen.storyboard; sourceTree = "<group>"; };
		F0946C442A14CEBB007E64EC /* Info.plist */ = {isa = PBXFileReference; lastKnownFileType = text.plist.xml; path = Info.plist; sourceTree = "<group>"; };
		F0946C4F2A14D1A3007E64EC /* ShoppingItem.swift */ = {isa = PBXFileReference; lastKnownFileType = sourcecode.swift; path = ShoppingItem.swift; sourceTree = "<group>"; };
		F0946C512A14D404007E64EC /* ItemTableViewCell.swift */ = {isa = PBXFileReference; lastKnownFileType = sourcecode.swift; path = ItemTableViewCell.swift; sourceTree = "<group>"; };
		F0946C522A14D404007E64EC /* ItemTableViewCell.xib */ = {isa = PBXFileReference; lastKnownFileType = file.xib; path = ItemTableViewCell.xib; sourceTree = "<group>"; };
		F0946C552A14E6E2007E64EC /* NewItemViewController.swift */ = {isa = PBXFileReference; lastKnownFileType = sourcecode.swift; path = NewItemViewController.swift; sourceTree = "<group>"; };
		F0C819A02A19855200942B9F /* Category.swift */ = {isa = PBXFileReference; lastKnownFileType = sourcecode.swift; path = Category.swift; sourceTree = "<group>"; };
/* End PBXFileReference section */

/* Begin PBXFrameworksBuildPhase section */
		F0946C302A14CEB8007E64EC /* Frameworks */ = {
			isa = PBXFrameworksBuildPhase;
			buildActionMask = 2147483647;
			files = (
				F0946C4E2A14CF86007E64EC /* RealmSwift in Frameworks */,
				F0946C4C2A14CF86007E64EC /* Realm in Frameworks */,
			);
			runOnlyForDeploymentPostprocessing = 0;
		};
/* End PBXFrameworksBuildPhase section */

/* Begin PBXGroup section */
		F0946C2A2A14CEB8007E64EC = {
			isa = PBXGroup;
			children = (
				F0946C352A14CEB8007E64EC /* RealmKakeibo */,
				F0946C342A14CEB8007E64EC /* Products */,
			);
			sourceTree = "<group>";
		};
		F0946C342A14CEB8007E64EC /* Products */ = {
			isa = PBXGroup;
			children = (
				F0946C332A14CEB8007E64EC /* RealmKakeibo.app */,
			);
			name = Products;
			sourceTree = "<group>";
		};
		F0946C352A14CEB8007E64EC /* RealmKakeibo */ = {
			isa = PBXGroup;
			children = (
				F0946C362A14CEB8007E64EC /* AppDelegate.swift */,
				F0946C382A14CEB8007E64EC /* SceneDelegate.swift */,
				F0946C3A2A14CEB8007E64EC /* ItemViewController.swift */,
				F0946C3C2A14CEB8007E64EC /* Main.storyboard */,
				F0946C3F2A14CEBB007E64EC /* Assets.xcassets */,
				F0946C412A14CEBB007E64EC /* LaunchScreen.storyboard */,
				F0946C442A14CEBB007E64EC /* Info.plist */,
				F0946C4F2A14D1A3007E64EC /* ShoppingItem.swift */,
				F0946C512A14D404007E64EC /* ItemTableViewCell.swift */,
				F0946C522A14D404007E64EC /* ItemTableViewCell.xib */,
				F0946C552A14E6E2007E64EC /* NewItemViewController.swift */,
				F0C819A02A19855200942B9F /* Category.swift */,
			);
			path = RealmKakeibo;
			sourceTree = "<group>";
		};
/* End PBXGroup section */

/* Begin PBXNativeTarget section */
		F0946C322A14CEB8007E64EC /* RealmKakeibo */ = {
			isa = PBXNativeTarget;
			buildConfigurationList = F0946C472A14CEBB007E64EC /* Build configuration list for PBXNativeTarget "RealmKakeibo" */;
			buildPhases = (
				F0946C2F2A14CEB8007E64EC /* Sources */,
				F0946C302A14CEB8007E64EC /* Frameworks */,
				F0946C312A14CEB8007E64EC /* Resources */,
			);
			buildRules = (
			);
			dependencies = (
			);
			name = RealmKakeibo;
			packageProductDependencies = (
				F0946C4B2A14CF86007E64EC /* Realm */,
				F0946C4D2A14CF86007E64EC /* RealmSwift */,
			);
			productName = RealmKakeibo;
			productReference = F0946C332A14CEB8007E64EC /* RealmKakeibo.app */;
			productType = "com.apple.product-type.application";
		};
/* End PBXNativeTarget section */

/* Begin PBXProject section */
		F0946C2B2A14CEB8007E64EC /* Project object */ = {
			isa = PBXProject;
			attributes = {
				BuildIndependentTargetsInParallel = 1;
				LastSwiftUpdateCheck = 1410;
				LastUpgradeCheck = 1410;
				TargetAttributes = {
					F0946C322A14CEB8007E64EC = {
						CreatedOnToolsVersion = 14.1;
					};
				};
			};
			buildConfigurationList = F0946C2E2A14CEB8007E64EC /* Build configuration list for PBXProject "RealmKakeibo" */;
			compatibilityVersion = "Xcode 14.0";
			developmentRegion = en;
			hasScannedForEncodings = 0;
			knownRegions = (
				en,
				Base,
			);
			mainGroup = F0946C2A2A14CEB8007E64EC;
			packageReferences = (
				F0946C4A2A14CF86007E64EC /* XCRemoteSwiftPackageReference "realm-swift" */,
			);
			productRefGroup = F0946C342A14CEB8007E64EC /* Products */;
			projectDirPath = "";
			projectRoot = "";
			targets = (
				F0946C322A14CEB8007E64EC /* RealmKakeibo */,
			);
		};
/* End PBXProject section */

/* Begin PBXResourcesBuildPhase section */
		F0946C312A14CEB8007E64EC /* Resources */ = {
			isa = PBXResourcesBuildPhase;
			buildActionMask = 2147483647;
			files = (
				F0946C542A14D404007E64EC /* ItemTableViewCell.xib in Resources */,
				F0946C432A14CEBB007E64EC /* LaunchScreen.storyboard in Resources */,
				F0946C402A14CEBB007E64EC /* Assets.xcassets in Resources */,
				F0946C3E2A14CEB8007E64EC /* Main.storyboard in Resources */,
			);
			runOnlyForDeploymentPostprocessing = 0;
		};
/* End PBXResourcesBuildPhase section */

/* Begin PBXSourcesBuildPhase section */
		F0946C2F2A14CEB8007E64EC /* Sources */ = {
			isa = PBXSourcesBuildPhase;
			buildActionMask = 2147483647;
			files = (
				F0946C502A14D1A3007E64EC /* ShoppingItem.swift in Sources */,
				F0946C3B2A14CEB8007E64EC /* ItemViewController.swift in Sources */,
				F0946C532A14D404007E64EC /* ItemTableViewCell.swift in Sources */,
				F0946C562A14E6E2007E64EC /* NewItemViewController.swift in Sources */,
				F0946C372A14CEB8007E64EC /* AppDelegate.swift in Sources */,
				F0946C392A14CEB8007E64EC /* SceneDelegate.swift in Sources */,
				F0C819A12A19855200942B9F /* Category.swift in Sources */,
			);
			runOnlyForDeploymentPostprocessing = 0;
		};
/* End PBXSourcesBuildPhase section */

/* Begin PBXVariantGroup section */
		F0946C3C2A14CEB8007E64EC /* Main.storyboard */ = {
			isa = PBXVariantGroup;
			children = (
				F0946C3D2A14CEB8007E64EC /* Base */,
			);
			name = Main.storyboard;
			sourceTree = "<group>";
		};
		F0946C412A14CEBB007E64EC /* LaunchScreen.storyboard */ = {
			isa = PBXVariantGroup;
			children = (
				F0946C422A14CEBB007E64EC /* Base */,
			);
			name = LaunchScreen.storyboard;
			sourceTree = "<group>";
		};
/* End PBXVariantGroup section */

/* Begin XCBuildConfiguration section */
		F0946C452A14CEBB007E64EC /* Debug */ = {
			isa = XCBuildConfiguration;
			buildSettings = {
				ALWAYS_SEARCH_USER_PATHS = NO;
				CLANG_ANALYZER_NONNULL = YES;
				CLANG_ANALYZER_NUMBER_OBJECT_CONVERSION = YES_AGGRESSIVE;
				CLANG_CXX_LANGUAGE_STANDARD = "gnu++20";
				CLANG_ENABLE_MODULES = YES;
				CLANG_ENABLE_OBJC_ARC = YES;
				CLANG_ENABLE_OBJC_WEAK = YES;
				CLANG_WARN_BLOCK_CAPTURE_AUTORELEASING = YES;
				CLANG_WARN_BOOL_CONVERSION = YES;
				CLANG_WARN_COMMA = YES;
				CLANG_WARN_CONSTANT_CONVERSION = YES;
				CLANG_WARN_DEPRECATED_OBJC_IMPLEMENTATIONS = YES;
				CLANG_WARN_DIRECT_OBJC_ISA_USAGE = YES_ERROR;
				CLANG_WARN_DOCUMENTATION_COMMENTS = YES;
				CLANG_WARN_EMPTY_BODY = YES;
				CLANG_WARN_ENUM_CONVERSION = YES;
				CLANG_WARN_INFINITE_RECURSION = YES;
				CLANG_WARN_INT_CONVERSION = YES;
				CLANG_WARN_NON_LITERAL_NULL_CONVERSION = YES;
				CLANG_WARN_OBJC_IMPLICIT_RETAIN_SELF = YES;
				CLANG_WARN_OBJC_LITERAL_CONVERSION = YES;
				CLANG_WARN_OBJC_ROOT_CLASS = YES_ERROR;
				CLANG_WARN_QUOTED_INCLUDE_IN_FRAMEWORK_HEADER = YES;
				CLANG_WARN_RANGE_LOOP_ANALYSIS = YES;
				CLANG_WARN_STRICT_PROTOTYPES = YES;
				CLANG_WARN_SUSPICIOUS_MOVE = YES;
				CLANG_WARN_UNGUARDED_AVAILABILITY = YES_AGGRESSIVE;
				CLANG_WARN_UNREACHABLE_CODE = YES;
				CLANG_WARN__DUPLICATE_METHOD_MATCH = YES;
				COPY_PHASE_STRIP = NO;
				DEBUG_INFORMATION_FORMAT = dwarf;
				ENABLE_STRICT_OBJC_MSGSEND = YES;
				ENABLE_TESTABILITY = YES;
				GCC_C_LANGUAGE_STANDARD = gnu11;
				GCC_DYNAMIC_NO_PIC = NO;
				GCC_NO_COMMON_BLOCKS = YES;
				GCC_OPTIMIZATION_LEVEL = 0;
				GCC_PREPROCESSOR_DEFINITIONS = (
					"DEBUG=1",
					"$(inherited)",
				);
				GCC_WARN_64_TO_32_BIT_CONVERSION = YES;
				GCC_WARN_ABOUT_RETURN_TYPE = YES_ERROR;
				GCC_WARN_UNDECLARED_SELECTOR = YES;
				GCC_WARN_UNINITIALIZED_AUTOS = YES_AGGRESSIVE;
				GCC_WARN_UNUSED_FUNCTION = YES;
				GCC_WARN_UNUSED_VARIABLE = YES;
				IPHONEOS_DEPLOYMENT_TARGET = 16.1;
				MTL_ENABLE_DEBUG_INFO = INCLUDE_SOURCE;
				MTL_FAST_MATH = YES;
				ONLY_ACTIVE_ARCH = YES;
				SDKROOT = iphoneos;
				SWIFT_ACTIVE_COMPILATION_CONDITIONS = DEBUG;
				SWIFT_OPTIMIZATION_LEVEL = "-Onone";
			};
			name = Debug;
		};
		F0946C462A14CEBB007E64EC /* Release */ = {
			isa = XCBuildConfiguration;
			buildSettings = {
				ALWAYS_SEARCH_USER_PATHS = NO;
				CLANG_ANALYZER_NONNULL = YES;
				CLANG_ANALYZER_NUMBER_OBJECT_CONVERSION = YES_AGGRESSIVE;
				CLANG_CXX_LANGUAGE_STANDARD = "gnu++20";
				CLANG_ENABLE_MODULES = YES;
				CLANG_ENABLE_OBJC_ARC = YES;
				CLANG_ENABLE_OBJC_WEAK = YES;
				CLANG_WARN_BLOCK_CAPTURE_AUTORELEASING = YES;
				CLANG_WARN_BOOL_CONVERSION = YES;
				CLANG_WARN_COMMA = YES;
				CLANG_WARN_CONSTANT_CONVERSION = YES;
				CLANG_WARN_DEPRECATED_OBJC_IMPLEMENTATIONS = YES;
				CLANG_WARN_DIRECT_OBJC_ISA_USAGE = YES_ERROR;
				CLANG_WARN_DOCUMENTATION_COMMENTS = YES;
				CLANG_WARN_EMPTY_BODY = YES;
				CLANG_WARN_ENUM_CONVERSION = YES;
				CLANG_WARN_INFINITE_RECURSION = YES;
				CLANG_WARN_INT_CONVERSION = YES;
				CLANG_WARN_NON_LITERAL_NULL_CONVERSION = YES;
				CLANG_WARN_OBJC_IMPLICIT_RETAIN_SELF = YES;
				CLANG_WARN_OBJC_LITERAL_CONVERSION = YES;
				CLANG_WARN_OBJC_ROOT_CLASS = YES_ERROR;
				CLANG_WARN_QUOTED_INCLUDE_IN_FRAMEWORK_HEADER = YES;
				CLANG_WARN_RANGE_LOOP_ANALYSIS = YES;
				CLANG_WARN_STRICT_PROTOTYPES = YES;
				CLANG_WARN_SUSPICIOUS_MOVE = YES;
				CLANG_WARN_UNGUARDED_AVAILABILITY = YES_AGGRESSIVE;
				CLANG_WARN_UNREACHABLE_CODE = YES;
				CLANG_WARN__DUPLICATE_METHOD_MATCH = YES;
				COPY_PHASE_STRIP = NO;
				DEBUG_INFORMATION_FORMAT = "dwarf-with-dsym";
				ENABLE_NS_ASSERTIONS = NO;
				ENABLE_STRICT_OBJC_MSGSEND = YES;
				GCC_C_LANGUAGE_STANDARD = gnu11;
				GCC_NO_COMMON_BLOCKS = YES;
				GCC_WARN_64_TO_32_BIT_CONVERSION = YES;
				GCC_WARN_ABOUT_RETURN_TYPE = YES_ERROR;
				GCC_WARN_UNDECLARED_SELECTOR = YES;
				GCC_WARN_UNINITIALIZED_AUTOS = YES_AGGRESSIVE;
				GCC_WARN_UNUSED_FUNCTION = YES;
				GCC_WARN_UNUSED_VARIABLE = YES;
				IPHONEOS_DEPLOYMENT_TARGET = 16.1;
				MTL_ENABLE_DEBUG_INFO = NO;
				MTL_FAST_MATH = YES;
				SDKROOT = iphoneos;
				SWIFT_COMPILATION_MODE = wholemodule;
				SWIFT_OPTIMIZATION_LEVEL = "-O";
				VALIDATE_PRODUCT = YES;
			};
			name = Release;
		};
		F0946C482A14CEBB007E64EC /* Debug */ = {
			isa = XCBuildConfiguration;
			buildSettings = {
				ASSETCATALOG_COMPILER_APPICON_NAME = AppIcon;
				ASSETCATALOG_COMPILER_GLOBAL_ACCENT_COLOR_NAME = AccentColor;
				CODE_SIGN_STYLE = Automatic;
				CURRENT_PROJECT_VERSION = 1;
				DEVELOPMENT_TEAM = 3827K2JQS9;
				GENERATE_INFOPLIST_FILE = YES;
				INFOPLIST_FILE = RealmKakeibo/Info.plist;
				INFOPLIST_KEY_UIApplicationSupportsIndirectInputEvents = YES;
				INFOPLIST_KEY_UILaunchStoryboardName = LaunchScreen;
				INFOPLIST_KEY_UIMainStoryboardFile = Main;
				INFOPLIST_KEY_UISupportedInterfaceOrientations_iPad = "UIInterfaceOrientationPortrait UIInterfaceOrientationPortraitUpsideDown UIInterfaceOrientationLandscapeLeft UIInterfaceOrientationLandscapeRight";
				INFOPLIST_KEY_UISupportedInterfaceOrientations_iPhone = "UIInterfaceOrientationPortrait UIInterfaceOrientationLandscapeLeft UIInterfaceOrientationLandscapeRight";
				LD_RUNPATH_SEARCH_PATHS = (
					"$(inherited)",
					"@executable_path/Frameworks",
				);
				MARKETING_VERSION = 1.0;
				PRODUCT_BUNDLE_IDENTIFIER = app.sugii.pac.RealmKakeibo;
				PRODUCT_NAME = "$(TARGET_NAME)";
				SWIFT_EMIT_LOC_STRINGS = YES;
				SWIFT_VERSION = 5.0;
				TARGETED_DEVICE_FAMILY = "1,2";
			};
			name = Debug;
		};
		F0946C492A14CEBB007E64EC /* Release */ = {
			isa = XCBuildConfiguration;
			buildSettings = {
				ASSETCATALOG_COMPILER_APPICON_NAME = AppIcon;
				ASSETCATALOG_COMPILER_GLOBAL_ACCENT_COLOR_NAME = AccentColor;
				CODE_SIGN_STYLE = Automatic;
				CURRENT_PROJECT_VERSION = 1;
				DEVELOPMENT_TEAM = 3827K2JQS9;
				GENERATE_INFOPLIST_FILE = YES;
				INFOPLIST_FILE = RealmKakeibo/Info.plist;
				INFOPLIST_KEY_UIApplicationSupportsIndirectInputEvents = YES;
				INFOPLIST_KEY_UILaunchStoryboardName = LaunchScreen;
				INFOPLIST_KEY_UIMainStoryboardFile = Main;
				INFOPLIST_KEY_UISupportedInterfaceOrientations_iPad = "UIInterfaceOrientationPortrait UIInterfaceOrientationPortraitUpsideDown UIInterfaceOrientationLandscapeLeft UIInterfaceOrientationLandscapeRight";
				INFOPLIST_KEY_UISupportedInterfaceOrientations_iPhone = "UIInterfaceOrientationPortrait UIInterfaceOrientationLandscapeLeft UIInterfaceOrientationLandscapeRight";
				LD_RUNPATH_SEARCH_PATHS = (
					"$(inherited)",
					"@executable_path/Frameworks",
				);
				MARKETING_VERSION = 1.0;
				PRODUCT_BUNDLE_IDENTIFIER = app.sugii.pac.RealmKakeibo;
				PRODUCT_NAME = "$(TARGET_NAME)";
				SWIFT_EMIT_LOC_STRINGS = YES;
				SWIFT_VERSION = 5.0;
				TARGETED_DEVICE_FAMILY = "1,2";
			};
			name = Release;
		};
/* End XCBuildConfiguration section */

/* Begin XCConfigurationList section */
		F0946C2E2A14CEB8007E64EC /* Build configuration list for PBXProject "RealmKakeibo" */ = {
			isa = XCConfigurationList;
			buildConfigurations = (
				F0946C452A14CEBB007E64EC /* Debug */,
				F0946C462A14CEBB007E64EC /* Release */,
			);
			defaultConfigurationIsVisible = 0;
			defaultConfigurationName = Release;
		};
		F0946C472A14CEBB007E64EC /* Build configuration list for PBXNativeTarget "RealmKakeibo" */ = {
			isa = XCConfigurationList;
			buildConfigurations = (
				F0946C482A14CEBB007E64EC /* Debug */,
				F0946C492A14CEBB007E64EC /* Release */,
			);
			defaultConfigurationIsVisible = 0;
			defaultConfigurationName = Release;
		};
/* End XCConfigurationList section */

/* Begin XCRemoteSwiftPackageReference section */
		F0946C4A2A14CF86007E64EC /* XCRemoteSwiftPackageReference "realm-swift" */ = {
			isa = XCRemoteSwiftPackageReference;
			repositoryURL = "https://github.com/realm/realm-swift";
			requirement = {
				branch = master;
				kind = branch;
			};
		};
/* End XCRemoteSwiftPackageReference section */

/* Begin XCSwiftPackageProductDependency section */
		F0946C4B2A14CF86007E64EC /* Realm */ = {
			isa = XCSwiftPackageProductDependency;
			package = F0946C4A2A14CF86007E64EC /* XCRemoteSwiftPackageReference "realm-swift" */;
			productName = Realm;
		};
		F0946C4D2A14CF86007E64EC /* RealmSwift */ = {
			isa = XCSwiftPackageProductDependency;
			package = F0946C4A2A14CF86007E64EC /* XCRemoteSwiftPackageReference "realm-swift" */;
			productName = RealmSwift;
		};
/* End XCSwiftPackageProductDependency section */
	};
	rootObject = F0946C2B2A14CEB8007E64EC /* Project object */;
}
